
Microsoft Visual Studio Solution File, Format Version 12.00
# Visual Studio Version 16
VisualStudioVersion = 16.0.31424.327
MinimumVisualStudioVersion = 10.0.40219.1
Project("{9A19103F-16F7-4668-BE54-9A1E7A4F7556}") = "MB.Domain", "MB.Domain\MB.Domain.csproj", "{53E16A76-0B3A-4AA6-ACF6-A15964392E27}"
EndProject
Project("{9A19103F-16F7-4668-BE54-9A1E7A4F7556}") = "MB.Application.Contracts", "MB.Application.Contracts\MB.Application.Contracts.csproj", "{E162E65B-6AD9-444D-A0C1-B00A862A3E98}"
EndProject
Project("{9A19103F-16F7-4668-BE54-9A1E7A4F7556}") = "MB.Application", "MB.Application\MB.Application.csproj", "{F7592A7F-8A9D-41A7-BC2A-A9BC64E0F2D3}"
EndProject
Project("{9A19103F-16F7-4668-BE54-9A1E7A4F7556}") = "MB.Infrastructure.EFCore", "MB.Infrastructure\MB.Infrastructure.EFCore.csproj", "{69A04E4F-4AE0-4B28-BD79-221EBCB329D8}"
EndProject
Project("{9A19103F-16F7-4668-BE54-9A1E7A4F7556}") = "MB.Presentation.MVCCore", "MB.Presentation.MVCCore\MB.Presentation.MVCCore.csproj", "{1DEAF06A-E9EB-4972-9810-AF512DAB97CB}"
EndProject
Project("{9A19103F-16F7-4668-BE54-9A1E7A4F7556}") = "MB.Infrastructure.Core", "MB.Infrastructure.Core\MB.Infrastructure.Core.csproj", "{683F173F-D5C8-473F-8163-24282D8305DA}"
EndProject
Project("{FAE04EC0-301F-11D3-BF4B-00C04F79EFBC}") = "MB.Infrastructure.Query", "MB.Infrastructure.Query\MB.Infrastructure.Query.csproj", "{94074CF9-F7B1-4BB8-AC0B-2DA5B19F5E42}"
EndProject
Global
	GlobalSection(SolutionConfigurationPlatforms) = preSolution
		Debug|Any CPU = Debug|Any CPU
		Release|Any CPU = Release|Any CPU
	EndGlobalSection
	GlobalSection(ProjectConfigurationPlatforms) = postSolution
		{53E16A76-0B3A-4AA6-ACF6-A15964392E27}.Debug|Any CPU.ActiveCfg = Debug|Any CPU
		{53E16A76-0B3A-4AA6-ACF6-A15964392E27}.Debug|Any CPU.Build.0 = Debug|Any CPU
		{53E16A76-0B3A-4AA6-ACF6-A15964392E27}.Release|Any CPU.ActiveCfg = Release|Any CPU
		{53E16A76-0B3A-4AA6-ACF6-A15964392E27}.Release|Any CPU.Build.0 = Release|Any CPU
		{E162E65B-6AD9-444D-A0C1-B00A862A3E98}.Debug|Any CPU.ActiveCfg = Debug|Any CPU
		{E162E65B-6AD9-444D-A0C1-B00A862A3E98}.Debug|Any CPU.Build.0 = Debug|Any CPU
		{E162E65B-6AD9-444D-A0C1-B00A862A3E98}.Release|Any CPU.ActiveCfg = Release|Any CPU
		{E162E65B-6AD9-444D-A0C1-B00A862A3E98}.Release|Any CPU.Build.0 = Release|Any CPU
		{F7592A7F-8A9D-41A7-BC2A-A9BC64E0F2D3}.Debug|Any CPU.ActiveCfg = Debug|Any CPU
		{F7592A7F-8A9D-41A7-BC2A-A9BC64E0F2D3}.Debug|Any CPU.Build.0 = Debug|Any CPU
		{F7592A7F-8A9D-41A7-BC2A-A9BC64E0F2D3}.Release|Any CPU.ActiveCfg = Release|Any CPU
		{F7592A7F-8A9D-41A7-BC2A-A9BC64E0F2D3}.Release|Any CPU.Build.0 = Release|Any CPU
		{69A04E4F-4AE0-4B28-BD79-221EBCB329D8}.Debug|Any CPU.ActiveCfg = Debug|Any CPU
		{69A04E4F-4AE0-4B28-BD79-221EBCB329D8}.Debug|Any CPU.Build.0 = Debug|Any CPU
		{69A04E4F-4AE0-4B28-BD79-221EBCB329D8}.Release|Any CPU.ActiveCfg = Release|Any CPU
		{69A04E4F-4AE0-4B28-BD79-221EBCB329D8}.Release|Any CPU.Build.0 = Release|Any CPU
		{1DEAF06A-E9EB-4972-9810-AF512DAB97CB}.Debug|Any CPU.ActiveCfg = Debug|Any CPU
		{1DEAF06A-E9EB-4972-9810-AF512DAB97CB}.Debug|Any CPU.Build.0 = Debug|Any CPU
		{1DEAF06A-E9EB-4972-9810-AF512DAB97CB}.Release|Any CPU.ActiveCfg = Release|Any CPU
		{1DEAF06A-E9EB-4972-9810-AF512DAB97CB}.Release|Any CPU.Build.0 = Release|Any CPU
		{683F173F-D5C8-473F-8163-24282D8305DA}.Debug|Any CPU.ActiveCfg = Debug|Any CPU
		{683F173F-D5C8-473F-8163-24282D8305DA}.Debug|Any CPU.Build.0 = Debug|Any CPU
		{683F173F-D5C8-473F-8163-24282D8305DA}.Release|Any CPU.ActiveCfg = Release|Any CPU
		{683F173F-D5C8-473F-8163-24282D8305DA}.Release|Any CPU.Build.0 = Release|Any CPU
		{94074CF9-F7B1-4BB8-AC0B-2DA5B19F5E42}.Debug|Any CPU.ActiveCfg = Debug|Any CPU
		{94074CF9-F7B1-4BB8-AC0B-2DA5B19F5E42}.Debug|Any CPU.Build.0 = Debug|Any CPU
		{94074CF9-F7B1-4BB8-AC0B-2DA5B19F5E42}.Release|Any CPU.ActiveCfg = Release|Any CPU
		{94074CF9-F7B1-4BB8-AC0B-2DA5B19F5E42}.Release|Any CPU.Build.0 = Release|Any CPU
	EndGlobalSection
	GlobalSection(SolutionProperties) = preSolution
		HideSolutionNode = FALSE
	EndGlobalSection
	GlobalSection(ExtensibilityGlobals) = postSolution
		SolutionGuid = {C4DAC9D7-5605-4E08-AB70-62B1D781045B}
	EndGlobalSection
EndGlobal
